// !$*UTF8*$!
{
	archiveVersion = 1;
	classes = {
	};
	objectVersion = 70;
	objects = {

/* Begin PBXBuildFile section */
		7814B1652C335C7B005B9530 /* Recap.png in Resources */ = {isa = PBXBuildFile; fileRef = 7814B1642C335C7B005B9530 /* Recap.png */; };
		78222B702C40AFD700097269 /* TextOutputFormat.swift in Sources */ = {isa = PBXBuildFile; fileRef = 78222B6F2C40AFD700097269 /* TextOutputFormat.swift */; };
		78222B732C40AFFE00097269 /* SplashCodeSyntaxHighlighter.swift in Sources */ = {isa = PBXBuildFile; fileRef = 78222B722C40AFFE00097269 /* SplashCodeSyntaxHighlighter.swift */; };
		787010172C0254AE004CDA60 /* Explanation.swift in Sources */ = {isa = PBXBuildFile; fileRef = 787010062C0254AE004CDA60 /* Explanation.swift */; };
		787010182C0254AE004CDA60 /* Question.swift in Sources */ = {isa = PBXBuildFile; fileRef = 787010072C0254AE004CDA60 /* Question.swift */; };
		7870101A2C0254AE004CDA60 /* Quiz.swift in Sources */ = {isa = PBXBuildFile; fileRef = 787010092C0254AE004CDA60 /* Quiz.swift */; };
		7870101B2C0254AE004CDA60 /* UserAnswer.swift in Sources */ = {isa = PBXBuildFile; fileRef = 7870100A2C0254AE004CDA60 /* UserAnswer.swift */; };
		7870101C2C0254AE004CDA60 /* Preview Assets.xcassets in Resources */ = {isa = PBXBuildFile; fileRef = 7870100C2C0254AE004CDA60 /* Preview Assets.xcassets */; };
		7870101E2C0254AE004CDA60 /* QuizView.swift in Sources */ = {isa = PBXBuildFile; fileRef = 7870100F2C0254AE004CDA60 /* QuizView.swift */; };
		7870101F2C0254AE004CDA60 /* Assets.xcassets in Resources */ = {isa = PBXBuildFile; fileRef = 787010112C0254AE004CDA60 /* Assets.xcassets */; };
		787010202C0254AE004CDA60 /* ContentView.swift in Sources */ = {isa = PBXBuildFile; fileRef = 787010122C0254AE004CDA60 /* ContentView.swift */; };
		787010212C0254AE004CDA60 /* RecapApp.swift in Sources */ = {isa = PBXBuildFile; fileRef = 787010132C0254AE004CDA60 /* RecapApp.swift */; };
		787010222C0254AE004CDA60 /* GeminiAPI.swift in Sources */ = {isa = PBXBuildFile; fileRef = 787010142C0254AE004CDA60 /* GeminiAPI.swift */; };
		787010232C0254AE004CDA60 /* Sample-JSON.json in Resources */ = {isa = PBXBuildFile; fileRef = 787010152C0254AE004CDA60 /* Sample-JSON.json */; };
		787010342C0389BF004CDA60 /* ConfettiSwiftUI in Frameworks */ = {isa = PBXBuildFile; productRef = 787010332C0389BF004CDA60 /* ConfettiSwiftUI */; };
		787010362C0630C4004CDA60 /* ShareResults.swift in Sources */ = {isa = PBXBuildFile; fileRef = 787010352C0630C4004CDA60 /* ShareResults.swift */; };
		7870F53D2C54059B00C6656F /* OnboardingView.swift in Sources */ = {isa = PBXBuildFile; fileRef = 7870F53C2C54059B00C6656F /* OnboardingView.swift */; };
		7870F5402C54062400C6656F /* UIOnboarding in Frameworks */ = {isa = PBXBuildFile; productRef = 7870F53F2C54062400C6656F /* UIOnboarding */; };
		789C8EFD2C409803005C7FC3 /* Splash in Frameworks */ = {isa = PBXBuildFile; productRef = 789C8EFC2C409803005C7FC3 /* Splash */; };
		789C8EFF2C409803005C7FC3 /* SplashMarkdown in Frameworks */ = {isa = PBXBuildFile; productRef = 789C8EFE2C409803005C7FC3 /* SplashMarkdown */; };
		78BEC66F2C3F42590083DF9C /* MarkdownUI in Frameworks */ = {isa = PBXBuildFile; productRef = 78BEC66E2C3F42590083DF9C /* MarkdownUI */; };
		78C9B7D22C4C229D00A80927 /* Shimmer in Frameworks */ = {isa = PBXBuildFile; productRef = 78C9B7D12C4C229D00A80927 /* Shimmer */; };
		78D4B7BE2C4881FD00411F8A /* YoutubeTranscript.swift in Sources */ = {isa = PBXBuildFile; fileRef = 78D4B7BD2C4881FD00411F8A /* YoutubeTranscript.swift */; };
		8B25C4DC2C02654D00EC5F54 /* QuizProgressBar.swift in Sources */ = {isa = PBXBuildFile; fileRef = 8B25C4DB2C02654D00EC5F54 /* QuizProgressBar.swift */; };
		8B25C4E22C02739F00EC5F54 /* AppSettings.swift in Sources */ = {isa = PBXBuildFile; fileRef = 8B25C4E12C02739F00EC5F54 /* AppSettings.swift */; };
		8B25C4E42C02962800EC5F54 /* Motivation.swift in Sources */ = {isa = PBXBuildFile; fileRef = 8B25C4E32C02962800EC5F54 /* Motivation.swift */; };
		8B9675452C02429E005950FB /* GoogleGenerativeAI in Frameworks */ = {isa = PBXBuildFile; productRef = 8B9675442C02429E005950FB /* GoogleGenerativeAI */; };
		8BF970022C02BC5900B78999 /* SplashView.swift in Sources */ = {isa = PBXBuildFile; fileRef = 8BF970012C02BC5900B78999 /* SplashView.swift */; };
/* End PBXBuildFile section */

/* Begin PBXFileReference section */
		7814B1622C335C08005B9530 /* Info.plist */ = {isa = PBXFileReference; lastKnownFileType = text.plist.xml; path = Info.plist; sourceTree = "<group>"; };
		7814B1642C335C7B005B9530 /* Recap.png */ = {isa = PBXFileReference; lastKnownFileType = image.png; path = Recap.png; sourceTree = "<group>"; };
		78222B6F2C40AFD700097269 /* TextOutputFormat.swift */ = {isa = PBXFileReference; lastKnownFileType = sourcecode.swift; path = TextOutputFormat.swift; sourceTree = "<group>"; };
		78222B722C40AFFE00097269 /* SplashCodeSyntaxHighlighter.swift */ = {isa = PBXFileReference; lastKnownFileType = sourcecode.swift; path = SplashCodeSyntaxHighlighter.swift; sourceTree = "<group>"; };
		787010062C0254AE004CDA60 /* Explanation.swift */ = {isa = PBXFileReference; fileEncoding = 4; lastKnownFileType = sourcecode.swift; path = Explanation.swift; sourceTree = "<group>"; };
		787010072C0254AE004CDA60 /* Question.swift */ = {isa = PBXFileReference; fileEncoding = 4; lastKnownFileType = sourcecode.swift; path = Question.swift; sourceTree = "<group>"; };
		787010092C0254AE004CDA60 /* Quiz.swift */ = {isa = PBXFileReference; fileEncoding = 4; lastKnownFileType = sourcecode.swift; path = Quiz.swift; sourceTree = "<group>"; };
		7870100A2C0254AE004CDA60 /* UserAnswer.swift */ = {isa = PBXFileReference; fileEncoding = 4; lastKnownFileType = sourcecode.swift; path = UserAnswer.swift; sourceTree = "<group>"; };
		7870100C2C0254AE004CDA60 /* Preview Assets.xcassets */ = {isa = PBXFileReference; lastKnownFileType = folder.assetcatalog; path = "Preview Assets.xcassets"; sourceTree = "<group>"; };
		7870100F2C0254AE004CDA60 /* QuizView.swift */ = {isa = PBXFileReference; fileEncoding = 4; lastKnownFileType = sourcecode.swift; path = QuizView.swift; sourceTree = "<group>"; };
		787010112C0254AE004CDA60 /* Assets.xcassets */ = {isa = PBXFileReference; lastKnownFileType = folder.assetcatalog; path = Assets.xcassets; sourceTree = "<group>"; };
		787010122C0254AE004CDA60 /* ContentView.swift */ = {isa = PBXFileReference; fileEncoding = 4; lastKnownFileType = sourcecode.swift; path = ContentView.swift; sourceTree = "<group>"; };
		787010132C0254AE004CDA60 /* RecapApp.swift */ = {isa = PBXFileReference; fileEncoding = 4; lastKnownFileType = sourcecode.swift; path = RecapApp.swift; sourceTree = "<group>"; };
		787010142C0254AE004CDA60 /* GeminiAPI.swift */ = {isa = PBXFileReference; fileEncoding = 4; lastKnownFileType = sourcecode.swift; path = GeminiAPI.swift; sourceTree = "<group>"; };
		787010152C0254AE004CDA60 /* Sample-JSON.json */ = {isa = PBXFileReference; fileEncoding = 4; lastKnownFileType = text.json; path = "Sample-JSON.json"; sourceTree = "<group>"; };
		787010352C0630C4004CDA60 /* ShareResults.swift */ = {isa = PBXFileReference; lastKnownFileType = sourcecode.swift; path = ShareResults.swift; sourceTree = "<group>"; };
		7870F53C2C54059B00C6656F /* OnboardingView.swift */ = {isa = PBXFileReference; lastKnownFileType = sourcecode.swift; path = OnboardingView.swift; sourceTree = "<group>"; };
		78D4B7BD2C4881FD00411F8A /* YoutubeTranscript.swift */ = {isa = PBXFileReference; lastKnownFileType = sourcecode.swift; path = YoutubeTranscript.swift; sourceTree = "<group>"; };
		8B25C4DB2C02654D00EC5F54 /* QuizProgressBar.swift */ = {isa = PBXFileReference; lastKnownFileType = sourcecode.swift; path = QuizProgressBar.swift; sourceTree = "<group>"; };
		8B25C4E12C02739F00EC5F54 /* AppSettings.swift */ = {isa = PBXFileReference; lastKnownFileType = sourcecode.swift; path = AppSettings.swift; sourceTree = "<group>"; };
		8B25C4E32C02962800EC5F54 /* Motivation.swift */ = {isa = PBXFileReference; lastKnownFileType = sourcecode.swift; path = Motivation.swift; sourceTree = "<group>"; };
		8B9675322C02420D005950FB /* Recap.app */ = {isa = PBXFileReference; explicitFileType = wrapper.application; includeInIndex = 0; path = Recap.app; sourceTree = BUILT_PRODUCTS_DIR; };
		8BF970012C02BC5900B78999 /* SplashView.swift */ = {isa = PBXFileReference; lastKnownFileType = sourcecode.swift; path = SplashView.swift; sourceTree = "<group>"; };
/* End PBXFileReference section */

/* Begin PBXFileSystemSynchronizedBuildFileExceptionSet section */
		8B56BC5F2C4481DA0050EE2F /* PBXFileSystemSynchronizedBuildFileExceptionSet */ = {
			isa = PBXFileSystemSynchronizedBuildFileExceptionSet;
			membershipExceptions = (
				"Bundle+icon.swift",
				CGSize.swift,
				"CodeSyntaxHighlighter+splash.swift",
				"String+isValidURL.swift",
				"UTType+recapExportType.swift",
				"View+splashView.swift",
			);
			target = 8B9675312C02420D005950FB /* Recap */;
		};
/* End PBXFileSystemSynchronizedBuildFileExceptionSet section */

/* Begin PBXFileSystemSynchronizedRootGroup section */
		8B56BC5C2C4481CC0050EE2F /* Extensions */ = {isa = PBXFileSystemSynchronizedRootGroup; exceptions = (8B56BC5F2C4481DA0050EE2F /* PBXFileSystemSynchronizedBuildFileExceptionSet */, ); explicitFileTypes = {}; explicitFolders = (); path = Extensions; sourceTree = "<group>"; };
/* End PBXFileSystemSynchronizedRootGroup section */

/* Begin PBXFrameworksBuildPhase section */
		8B96752F2C02420D005950FB /* Frameworks */ = {
			isa = PBXFrameworksBuildPhase;
			buildActionMask = 2147483647;
			files = (
				78C9B7D22C4C229D00A80927 /* Shimmer in Frameworks */,
				789C8EFF2C409803005C7FC3 /* SplashMarkdown in Frameworks */,
				78BEC66F2C3F42590083DF9C /* MarkdownUI in Frameworks */,
				789C8EFD2C409803005C7FC3 /* Splash in Frameworks */,
				7870F5402C54062400C6656F /* UIOnboarding in Frameworks */,
				787010342C0389BF004CDA60 /* ConfettiSwiftUI in Frameworks */,
				8B9675452C02429E005950FB /* GoogleGenerativeAI in Frameworks */,
			);
			runOnlyForDeploymentPostprocessing = 0;
		};
/* End PBXFrameworksBuildPhase section */

/* Begin PBXGroup section */
		78222B712C40AFE200097269 /* Syntax Highlighting */ = {
			isa = PBXGroup;
			children = (
				78222B6F2C40AFD700097269 /* TextOutputFormat.swift */,
				78222B722C40AFFE00097269 /* SplashCodeSyntaxHighlighter.swift */,
			);
			path = "Syntax Highlighting";
			sourceTree = "<group>";
		};
		7870100B2C0254AE004CDA60 /* Data */ = {
			isa = PBXGroup;
			children = (
				787010062C0254AE004CDA60 /* Explanation.swift */,
				787010072C0254AE004CDA60 /* Question.swift */,
				787010092C0254AE004CDA60 /* Quiz.swift */,
				7870100A2C0254AE004CDA60 /* UserAnswer.swift */,
				8B25C4E32C02962800EC5F54 /* Motivation.swift */,
			);
			path = Data;
			sourceTree = "<group>";
		};
		7870100D2C0254AE004CDA60 /* Preview Content */ = {
			isa = PBXGroup;
			children = (
				7870100C2C0254AE004CDA60 /* Preview Assets.xcassets */,
			);
			path = "Preview Content";
			sourceTree = "<group>";
		};
		787010102C0254AE004CDA60 /* Views */ = {
			isa = PBXGroup;
			children = (
				7870100F2C0254AE004CDA60 /* QuizView.swift */,
				8B25C4DB2C02654D00EC5F54 /* QuizProgressBar.swift */,
				8BF970012C02BC5900B78999 /* SplashView.swift */,
				787010352C0630C4004CDA60 /* ShareResults.swift */,
				7870F53C2C54059B00C6656F /* OnboardingView.swift */,
			);
			path = Views;
			sourceTree = "<group>";
		};
		787010162C0254AE004CDA60 /* Recap */ = {
			isa = PBXGroup;
			children = (
				8B56BC5C2C4481CC0050EE2F /* Extensions */,
				78222B712C40AFE200097269 /* Syntax Highlighting */,
				7870100B2C0254AE004CDA60 /* Data */,
				7870100D2C0254AE004CDA60 /* Preview Content */,
				787010102C0254AE004CDA60 /* Views */,
				787010112C0254AE004CDA60 /* Assets.xcassets */,
				787010122C0254AE004CDA60 /* ContentView.swift */,
				78D4B7BD2C4881FD00411F8A /* YoutubeTranscript.swift */,
				8B25C4E12C02739F00EC5F54 /* AppSettings.swift */,
				787010132C0254AE004CDA60 /* RecapApp.swift */,
				787010142C0254AE004CDA60 /* GeminiAPI.swift */,
				787010152C0254AE004CDA60 /* Sample-JSON.json */,
				7814B1642C335C7B005B9530 /* Recap.png */,
				7814B1622C335C08005B9530 /* Info.plist */,
			);
			path = Recap;
			sourceTree = "<group>";
		};
		8B9675292C02420D005950FB = {
			isa = PBXGroup;
			children = (
				787010162C0254AE004CDA60 /* Recap */,
				8B9675332C02420D005950FB /* Products */,
			);
			sourceTree = "<group>";
		};
		8B9675332C02420D005950FB /* Products */ = {
			isa = PBXGroup;
			children = (
				8B9675322C02420D005950FB /* Recap.app */,
			);
			name = Products;
			sourceTree = "<group>";
		};
/* End PBXGroup section */

/* Begin PBXNativeTarget section */
		8B9675312C02420D005950FB /* Recap */ = {
			isa = PBXNativeTarget;
			buildConfigurationList = 8B9675402C02420D005950FB /* Build configuration list for PBXNativeTarget "Recap" */;
			buildPhases = (
				8B96752E2C02420D005950FB /* Sources */,
				8B96752F2C02420D005950FB /* Frameworks */,
				8B9675302C02420D005950FB /* Resources */,
			);
			buildRules = (
			);
			dependencies = (
			);
			name = Recap;
			packageProductDependencies = (
				8B9675442C02429E005950FB /* GoogleGenerativeAI */,
				787010332C0389BF004CDA60 /* ConfettiSwiftUI */,
				78BEC66E2C3F42590083DF9C /* MarkdownUI */,
				789C8EFC2C409803005C7FC3 /* Splash */,
				789C8EFE2C409803005C7FC3 /* SplashMarkdown */,
				78C9B7D12C4C229D00A80927 /* Shimmer */,
				7870F53F2C54062400C6656F /* UIOnboarding */,
			);
			productName = Recap;
			productReference = 8B9675322C02420D005950FB /* Recap.app */;
			productType = "com.apple.product-type.application";
		};
/* End PBXNativeTarget section */

/* Begin PBXProject section */
		8B96752A2C02420D005950FB /* Project object */ = {
			isa = PBXProject;
			attributes = {
				BuildIndependentTargetsInParallel = 1;
				LastSwiftUpdateCheck = 1540;
				LastUpgradeCheck = 1540;
				TargetAttributes = {
					8B9675312C02420D005950FB = {
						CreatedOnToolsVersion = 15.4;
					};
				};
			};
			buildConfigurationList = 8B96752D2C02420D005950FB /* Build configuration list for PBXProject "Recap" */;
			compatibilityVersion = "Xcode 15.3";
			developmentRegion = en;
			hasScannedForEncodings = 0;
			knownRegions = (
				en,
				Base,
			);
			mainGroup = 8B9675292C02420D005950FB;
			packageReferences = (
				8B9675432C02429E005950FB /* XCRemoteSwiftPackageReference "generative-ai-swift" */,
				787010322C0389BF004CDA60 /* XCRemoteSwiftPackageReference "ConfettiSwiftUI" */,
				78BEC66D2C3F42590083DF9C /* XCRemoteSwiftPackageReference "swift-markdown-ui" */,
				789C8EFB2C409803005C7FC3 /* XCRemoteSwiftPackageReference "Splash" */,
				78C9B7D02C4C229D00A80927 /* XCRemoteSwiftPackageReference "SwiftUI-Shimmer" */,
				7870F53E2C54062400C6656F /* XCRemoteSwiftPackageReference "UIOnboarding" */,
			);
			productRefGroup = 8B9675332C02420D005950FB /* Products */;
			projectDirPath = "";
			projectRoot = "";
			targets = (
				8B9675312C02420D005950FB /* Recap */,
			);
		};
/* End PBXProject section */

/* Begin PBXResourcesBuildPhase section */
		8B9675302C02420D005950FB /* Resources */ = {
			isa = PBXResourcesBuildPhase;
			buildActionMask = 2147483647;
			files = (
				787010232C0254AE004CDA60 /* Sample-JSON.json in Resources */,
				7814B1652C335C7B005B9530 /* Recap.png in Resources */,
				7870101F2C0254AE004CDA60 /* Assets.xcassets in Resources */,
				7870101C2C0254AE004CDA60 /* Preview Assets.xcassets in Resources */,
			);
			runOnlyForDeploymentPostprocessing = 0;
		};
/* End PBXResourcesBuildPhase section */

/* Begin PBXSourcesBuildPhase section */
		8B96752E2C02420D005950FB /* Sources */ = {
			isa = PBXSourcesBuildPhase;
			buildActionMask = 2147483647;
			files = (
				7870101B2C0254AE004CDA60 /* UserAnswer.swift in Sources */,
				787010172C0254AE004CDA60 /* Explanation.swift in Sources */,
				78222B732C40AFFE00097269 /* SplashCodeSyntaxHighlighter.swift in Sources */,
				8B25C4E22C02739F00EC5F54 /* AppSettings.swift in Sources */,
				787010202C0254AE004CDA60 /* ContentView.swift in Sources */,
				787010222C0254AE004CDA60 /* GeminiAPI.swift in Sources */,
				787010362C0630C4004CDA60 /* ShareResults.swift in Sources */,
				78D4B7BE2C4881FD00411F8A /* YoutubeTranscript.swift in Sources */,
				8BF970022C02BC5900B78999 /* SplashView.swift in Sources */,
				8B25C4E42C02962800EC5F54 /* Motivation.swift in Sources */,
				78222B702C40AFD700097269 /* TextOutputFormat.swift in Sources */,
				787010182C0254AE004CDA60 /* Question.swift in Sources */,
				787010212C0254AE004CDA60 /* RecapApp.swift in Sources */,
				7870101A2C0254AE004CDA60 /* Quiz.swift in Sources */,
				7870F53D2C54059B00C6656F /* OnboardingView.swift in Sources */,
				7870101E2C0254AE004CDA60 /* QuizView.swift in Sources */,
				8B25C4DC2C02654D00EC5F54 /* QuizProgressBar.swift in Sources */,
			);
			runOnlyForDeploymentPostprocessing = 0;
		};
/* End PBXSourcesBuildPhase section */

/* Begin XCBuildConfiguration section */
		8B96753E2C02420D005950FB /* Debug */ = {
			isa = XCBuildConfiguration;
			buildSettings = {
				ALWAYS_SEARCH_USER_PATHS = NO;
				ASSETCATALOG_COMPILER_GENERATE_SWIFT_ASSET_SYMBOL_EXTENSIONS = YES;
				CLANG_ANALYZER_NONNULL = YES;
				CLANG_ANALYZER_NUMBER_OBJECT_CONVERSION = YES_AGGRESSIVE;
				CLANG_CXX_LANGUAGE_STANDARD = "gnu++20";
				CLANG_ENABLE_MODULES = YES;
				CLANG_ENABLE_OBJC_ARC = YES;
				CLANG_ENABLE_OBJC_WEAK = YES;
				CLANG_WARN_BLOCK_CAPTURE_AUTORELEASING = YES;
				CLANG_WARN_BOOL_CONVERSION = YES;
				CLANG_WARN_COMMA = YES;
				CLANG_WARN_CONSTANT_CONVERSION = YES;
				CLANG_WARN_DEPRECATED_OBJC_IMPLEMENTATIONS = YES;
				CLANG_WARN_DIRECT_OBJC_ISA_USAGE = YES_ERROR;
				CLANG_WARN_DOCUMENTATION_COMMENTS = YES;
				CLANG_WARN_EMPTY_BODY = YES;
				CLANG_WARN_ENUM_CONVERSION = YES;
				CLANG_WARN_INFINITE_RECURSION = YES;
				CLANG_WARN_INT_CONVERSION = YES;
				CLANG_WARN_NON_LITERAL_NULL_CONVERSION = YES;
				CLANG_WARN_OBJC_IMPLICIT_RETAIN_SELF = YES;
				CLANG_WARN_OBJC_LITERAL_CONVERSION = YES;
				CLANG_WARN_OBJC_ROOT_CLASS = YES_ERROR;
				CLANG_WARN_QUOTED_INCLUDE_IN_FRAMEWORK_HEADER = YES;
				CLANG_WARN_RANGE_LOOP_ANALYSIS = YES;
				CLANG_WARN_STRICT_PROTOTYPES = YES;
				CLANG_WARN_SUSPICIOUS_MOVE = YES;
				CLANG_WARN_UNGUARDED_AVAILABILITY = YES_AGGRESSIVE;
				CLANG_WARN_UNREACHABLE_CODE = YES;
				CLANG_WARN__DUPLICATE_METHOD_MATCH = YES;
				COPY_PHASE_STRIP = NO;
				DEBUG_INFORMATION_FORMAT = dwarf;
				ENABLE_STRICT_OBJC_MSGSEND = YES;
				ENABLE_TESTABILITY = YES;
				ENABLE_USER_SCRIPT_SANDBOXING = YES;
				GCC_C_LANGUAGE_STANDARD = gnu17;
				GCC_DYNAMIC_NO_PIC = NO;
				GCC_NO_COMMON_BLOCKS = YES;
				GCC_OPTIMIZATION_LEVEL = 0;
				GCC_PREPROCESSOR_DEFINITIONS = (
					"DEBUG=1",
					"$(inherited)",
				);
				GCC_WARN_64_TO_32_BIT_CONVERSION = YES;
				GCC_WARN_ABOUT_RETURN_TYPE = YES_ERROR;
				GCC_WARN_UNDECLARED_SELECTOR = YES;
				GCC_WARN_UNINITIALIZED_AUTOS = YES_AGGRESSIVE;
				GCC_WARN_UNUSED_FUNCTION = YES;
				GCC_WARN_UNUSED_VARIABLE = YES;
				IPHONEOS_DEPLOYMENT_TARGET = 17.0;
				LOCALIZATION_PREFERS_STRING_CATALOGS = YES;
				MTL_ENABLE_DEBUG_INFO = INCLUDE_SOURCE;
				MTL_FAST_MATH = YES;
				ONLY_ACTIVE_ARCH = YES;
				SDKROOT = iphoneos;
				SWIFT_ACTIVE_COMPILATION_CONDITIONS = "DEBUG $(inherited)";
				SWIFT_OPTIMIZATION_LEVEL = "-Onone";
			};
			name = Debug;
		};
		8B96753F2C02420D005950FB /* Release */ = {
			isa = XCBuildConfiguration;
			buildSettings = {
				ALWAYS_SEARCH_USER_PATHS = NO;
				ASSETCATALOG_COMPILER_GENERATE_SWIFT_ASSET_SYMBOL_EXTENSIONS = YES;
				CLANG_ANALYZER_NONNULL = YES;
				CLANG_ANALYZER_NUMBER_OBJECT_CONVERSION = YES_AGGRESSIVE;
				CLANG_CXX_LANGUAGE_STANDARD = "gnu++20";
				CLANG_ENABLE_MODULES = YES;
				CLANG_ENABLE_OBJC_ARC = YES;
				CLANG_ENABLE_OBJC_WEAK = YES;
				CLANG_WARN_BLOCK_CAPTURE_AUTORELEASING = YES;
				CLANG_WARN_BOOL_CONVERSION = YES;
				CLANG_WARN_COMMA = YES;
				CLANG_WARN_CONSTANT_CONVERSION = YES;
				CLANG_WARN_DEPRECATED_OBJC_IMPLEMENTATIONS = YES;
				CLANG_WARN_DIRECT_OBJC_ISA_USAGE = YES_ERROR;
				CLANG_WARN_DOCUMENTATION_COMMENTS = YES;
				CLANG_WARN_EMPTY_BODY = YES;
				CLANG_WARN_ENUM_CONVERSION = YES;
				CLANG_WARN_INFINITE_RECURSION = YES;
				CLANG_WARN_INT_CONVERSION = YES;
				CLANG_WARN_NON_LITERAL_NULL_CONVERSION = YES;
				CLANG_WARN_OBJC_IMPLICIT_RETAIN_SELF = YES;
				CLANG_WARN_OBJC_LITERAL_CONVERSION = YES;
				CLANG_WARN_OBJC_ROOT_CLASS = YES_ERROR;
				CLANG_WARN_QUOTED_INCLUDE_IN_FRAMEWORK_HEADER = YES;
				CLANG_WARN_RANGE_LOOP_ANALYSIS = YES;
				CLANG_WARN_STRICT_PROTOTYPES = YES;
				CLANG_WARN_SUSPICIOUS_MOVE = YES;
				CLANG_WARN_UNGUARDED_AVAILABILITY = YES_AGGRESSIVE;
				CLANG_WARN_UNREACHABLE_CODE = YES;
				CLANG_WARN__DUPLICATE_METHOD_MATCH = YES;
				COPY_PHASE_STRIP = NO;
				DEBUG_INFORMATION_FORMAT = "dwarf-with-dsym";
				ENABLE_NS_ASSERTIONS = NO;
				ENABLE_STRICT_OBJC_MSGSEND = YES;
				ENABLE_USER_SCRIPT_SANDBOXING = YES;
				GCC_C_LANGUAGE_STANDARD = gnu17;
				GCC_NO_COMMON_BLOCKS = YES;
				GCC_WARN_64_TO_32_BIT_CONVERSION = YES;
				GCC_WARN_ABOUT_RETURN_TYPE = YES_ERROR;
				GCC_WARN_UNDECLARED_SELECTOR = YES;
				GCC_WARN_UNINITIALIZED_AUTOS = YES_AGGRESSIVE;
				GCC_WARN_UNUSED_FUNCTION = YES;
				GCC_WARN_UNUSED_VARIABLE = YES;
				IPHONEOS_DEPLOYMENT_TARGET = 17.0;
				LOCALIZATION_PREFERS_STRING_CATALOGS = YES;
				MTL_ENABLE_DEBUG_INFO = NO;
				MTL_FAST_MATH = YES;
				SDKROOT = iphoneos;
				SWIFT_COMPILATION_MODE = wholemodule;
				VALIDATE_PRODUCT = YES;
			};
			name = Release;
		};
		8B9675412C02420D005950FB /* Debug */ = {
			isa = XCBuildConfiguration;
			buildSettings = {
				ASSETCATALOG_COMPILER_APPICON_NAME = AppIcon;
				ASSETCATALOG_COMPILER_GLOBAL_ACCENT_COLOR_NAME = AccentColor;
				CODE_SIGN_STYLE = Automatic;
				CURRENT_PROJECT_VERSION = 425;
				DEVELOPMENT_ASSET_PATHS = "\"Recap/Preview Content\"";
				DEVELOPMENT_TEAM = SU5789R8HD;
				ENABLE_PREVIEWS = YES;
				GENERATE_INFOPLIST_FILE = YES;
				INFOPLIST_FILE = Recap/Info.plist;
				INFOPLIST_KEY_CFBundleDisplayName = Recap;
				INFOPLIST_KEY_LSApplicationCategoryType = "public.app-category.education";
				INFOPLIST_KEY_LSSupportsOpeningDocumentsInPlace = YES;
				INFOPLIST_KEY_UIApplicationSceneManifest_Generation = YES;
				INFOPLIST_KEY_UIApplicationSupportsIndirectInputEvents = YES;
				INFOPLIST_KEY_UILaunchScreen_Generation = YES;
				INFOPLIST_KEY_UISupportedInterfaceOrientations = UIInterfaceOrientationPortrait;
				INFOPLIST_KEY_UISupportedInterfaceOrientations_iPad = "UIInterfaceOrientationLandscapeLeft UIInterfaceOrientationLandscapeRight UIInterfaceOrientationPortrait UIInterfaceOrientationPortraitUpsideDown";
				LD_RUNPATH_SEARCH_PATHS = (
					"$(inherited)",
					"@executable_path/Frameworks",
				);
				MARKETING_VERSION = 0.6.9;
				PRODUCT_BUNDLE_IDENTIFIER = com.click.Recap;
				PRODUCT_NAME = "$(TARGET_NAME)";
				SUPPORTED_PLATFORMS = "iphoneos iphonesimulator";
				SUPPORTS_MACCATALYST = NO;
				SUPPORTS_MAC_DESIGNED_FOR_IPHONE_IPAD = YES;
				SUPPORTS_XR_DESIGNED_FOR_IPHONE_IPAD = YES;
				SWIFT_EMIT_LOC_STRINGS = YES;
				SWIFT_VERSION = 5.0;
				TARGETED_DEVICE_FAMILY = "1,2";
			};
			name = Debug;
		};
		8B9675422C02420D005950FB /* Release */ = {
			isa = XCBuildConfiguration;
			buildSettings = {
				ASSETCATALOG_COMPILER_APPICON_NAME = AppIcon;
				ASSETCATALOG_COMPILER_GLOBAL_ACCENT_COLOR_NAME = AccentColor;
				CODE_SIGN_STYLE = Automatic;
				CURRENT_PROJECT_VERSION = 425;
				DEVELOPMENT_ASSET_PATHS = "\"Recap/Preview Content\"";
				DEVELOPMENT_TEAM = SU5789R8HD;
				ENABLE_PREVIEWS = YES;
				GENERATE_INFOPLIST_FILE = YES;
				INFOPLIST_FILE = Recap/Info.plist;
				INFOPLIST_KEY_CFBundleDisplayName = Recap;
				INFOPLIST_KEY_LSApplicationCategoryType = "public.app-category.education";
				INFOPLIST_KEY_LSSupportsOpeningDocumentsInPlace = YES;
				INFOPLIST_KEY_UIApplicationSceneManifest_Generation = YES;
				INFOPLIST_KEY_UIApplicationSupportsIndirectInputEvents = YES;
				INFOPLIST_KEY_UILaunchScreen_Generation = YES;
				INFOPLIST_KEY_UISupportedInterfaceOrientations = UIInterfaceOrientationPortrait;
				INFOPLIST_KEY_UISupportedInterfaceOrientations_iPad = "UIInterfaceOrientationLandscapeLeft UIInterfaceOrientationLandscapeRight UIInterfaceOrientationPortrait UIInterfaceOrientationPortraitUpsideDown";
				LD_RUNPATH_SEARCH_PATHS = (
					"$(inherited)",
					"@executable_path/Frameworks",
				);
				MARKETING_VERSION = 0.6.9;
				PRODUCT_BUNDLE_IDENTIFIER = com.click.Recap;
				PRODUCT_NAME = "$(TARGET_NAME)";
				SUPPORTED_PLATFORMS = "iphoneos iphonesimulator";
				SUPPORTS_MACCATALYST = NO;
				SUPPORTS_MAC_DESIGNED_FOR_IPHONE_IPAD = YES;
				SUPPORTS_XR_DESIGNED_FOR_IPHONE_IPAD = YES;
				SWIFT_EMIT_LOC_STRINGS = YES;
				SWIFT_VERSION = 5.0;
				TARGETED_DEVICE_FAMILY = "1,2";
			};
			name = Release;
		};
/* End XCBuildConfiguration section */

/* Begin XCConfigurationList section */
		8B96752D2C02420D005950FB /* Build configuration list for PBXProject "Recap" */ = {
			isa = XCConfigurationList;
			buildConfigurations = (
				8B96753E2C02420D005950FB /* Debug */,
				8B96753F2C02420D005950FB /* Release */,
			);
			defaultConfigurationIsVisible = 0;
			defaultConfigurationName = Release;
		};
		8B9675402C02420D005950FB /* Build configuration list for PBXNativeTarget "Recap" */ = {
			isa = XCConfigurationList;
			buildConfigurations = (
				8B9675412C02420D005950FB /* Debug */,
				8B9675422C02420D005950FB /* Release */,
			);
			defaultConfigurationIsVisible = 0;
			defaultConfigurationName = Release;
		};
/* End XCConfigurationList section */

/* Begin XCRemoteSwiftPackageReference section */
		787010322C0389BF004CDA60 /* XCRemoteSwiftPackageReference "ConfettiSwiftUI" */ = {
			isa = XCRemoteSwiftPackageReference;
			repositoryURL = "https://github.com/simibac/ConfettiSwiftUI.git";
			requirement = {
				kind = exactVersion;
				version = 1.1.0;
			};
		};
		7870F53E2C54062400C6656F /* XCRemoteSwiftPackageReference "UIOnboarding" */ = {
			isa = XCRemoteSwiftPackageReference;
			repositoryURL = "https://github.com/lascic/UIOnboarding.git";
			requirement = {
				kind = upToNextMajorVersion;
				minimumVersion = 2.0.3;
			};
		};
		789C8EFB2C409803005C7FC3 /* XCRemoteSwiftPackageReference "Splash" */ = {
			isa = XCRemoteSwiftPackageReference;
			repositoryURL = "https://github.com/JohnSundell/Splash";
			requirement = {
				kind = exactVersion;
				version = 0.16.0;
			};
		};
		78BEC66D2C3F42590083DF9C /* XCRemoteSwiftPackageReference "swift-markdown-ui" */ = {
			isa = XCRemoteSwiftPackageReference;
			repositoryURL = "https://github.com/gonzalezreal/swift-markdown-ui";
			requirement = {
				kind = exactVersion;
				version = 2.3.1;
			};
		};
		78C9B7D02C4C229D00A80927 /* XCRemoteSwiftPackageReference "SwiftUI-Shimmer" */ = {
			isa = XCRemoteSwiftPackageReference;
			repositoryURL = "https://github.com/markiv/SwiftUI-Shimmer";
			requirement = {
				kind = exactVersion;
				version = 1.5.0;
			};
		};
		8B9675432C02429E005950FB /* XCRemoteSwiftPackageReference "generative-ai-swift" */ = {
			isa = XCRemoteSwiftPackageReference;
			repositoryURL = "https://github.com/google/generative-ai-swift";
			requirement = {
				kind = upToNextMajorVersion;
				minimumVersion = 0.5.3;
			};
		};
/* End XCRemoteSwiftPackageReference section */

/* Begin XCSwiftPackageProductDependency section */
		787010332C0389BF004CDA60 /* ConfettiSwiftUI */ = {
			isa = XCSwiftPackageProductDependency;
			package = 787010322C0389BF004CDA60 /* XCRemoteSwiftPackageReference "ConfettiSwiftUI" */;
			productName = ConfettiSwiftUI;
		};
		7870F53F2C54062400C6656F /* UIOnboarding */ = {
			isa = XCSwiftPackageProductDependency;
			package = 7870F53E2C54062400C6656F /* XCRemoteSwiftPackageReference "UIOnboarding" */;
			productName = UIOnboarding;
		};
		789C8EFC2C409803005C7FC3 /* Splash */ = {
			isa = XCSwiftPackageProductDependency;
			package = 789C8EFB2C409803005C7FC3 /* XCRemoteSwiftPackageReference "Splash" */;
			productName = Splash;
		};
		789C8EFE2C409803005C7FC3 /* SplashMarkdown */ = {
			isa = XCSwiftPackageProductDependency;
			package = 789C8EFB2C409803005C7FC3 /* XCRemoteSwiftPackageReference "Splash" */;
			productName = SplashMarkdown;
		};
		78BEC66E2C3F42590083DF9C /* MarkdownUI */ = {
			isa = XCSwiftPackageProductDependency;
			package = 78BEC66D2C3F42590083DF9C /* XCRemoteSwiftPackageReference "swift-markdown-ui" */;
			productName = MarkdownUI;
		};
		78C9B7D12C4C229D00A80927 /* Shimmer */ = {
			isa = XCSwiftPackageProductDependency;
			package = 78C9B7D02C4C229D00A80927 /* XCRemoteSwiftPackageReference "SwiftUI-Shimmer" */;
			productName = Shimmer;
		};
		8B9675442C02429E005950FB /* GoogleGenerativeAI */ = {
			isa = XCSwiftPackageProductDependency;
			package = 8B9675432C02429E005950FB /* XCRemoteSwiftPackageReference "generative-ai-swift" */;
			productName = GoogleGenerativeAI;
		};
/* End XCSwiftPackageProductDependency section */
	};
	rootObject = 8B96752A2C02420D005950FB /* Project object */;
}
