{
  "originHash" : "6458d0782198504601ab6422ff3c62d4ab4d4fb568e5c6f5c42439eaa4e53b33",
  "pins" : [
    {
      "identity" : "confettiswiftui",
      "kind" : "remoteSourceControl",
      "location" : "https://github.com/simibac/ConfettiSwiftUI.git",
      "state" : {
        "revision" : "f45961f97bbae6fff6e2e64546fea0189425ad92",
        "version" : "1.1.0"
      }
    },
    {
      "identity" : "generative-ai-swift",
      "kind" : "remoteSourceControl",
      "location" : "https://github.com/google/generative-ai-swift",
      "state" : {
        "revision" : "5d750b80651da9721c37c5eb1fc0b6750d1884d3",
        "version" : "0.5.3"
      }
    }
  ],
  "version" : 3
}
